{
  "name": "betaflight-indexer",
  "version": "0.1.1",
  "lockfileVersion": 3,
  "requires": true,
  "packages": {
    "": {
      "name": "betaflight-indexer",
      "version": "0.1.1",
      "license": "MIT",
      "bin": {
        "betaflight-indexer": "index.js",
        "test": "echo"
      }
    }
  }
}
